
Microsoft Visual Studio Solution File, Format Version 12.00
# Visual Studio 15
VisualStudioVersion = 15.0.28307.705
MinimumVisualStudioVersion = 10.0.40219.1
Project("{FAE04EC0-301F-11D3-BF4B-00C04F79EFBC}") = "GestionTratamientos", "GestionTratamientos\GestionTratamientos.csproj", "{0F611DC9-40D6-4E6B-8F1A-BAB07AD9B090}"
EndProject
Project("{FAE04EC0-301F-11D3-BF4B-00C04F79EFBC}") = "Modelo", "Modelo\Modelo.csproj", "{03B02989-056D-4D15-A10E-94140F0B938E}"
EndProject
Project("{FAE04EC0-301F-11D3-BF4B-00C04F79EFBC}") = "Controlador", "Controlador\Controlador.csproj", "{57378983-4FE1-4F90-86FD-ED3FC1BC6E21}"
EndProject
Global
	GlobalSection(SolutionConfigurationPlatforms) = preSolution
		Debug|Any CPU = Debug|Any CPU
		Release|Any CPU = Release|Any CPU
	EndGlobalSection
	GlobalSection(ProjectConfigurationPlatforms) = postSolution
		{0F611DC9-40D6-4E6B-8F1A-BAB07AD9B090}.Debug|Any CPU.ActiveCfg = Debug|Any CPU
		{0F611DC9-40D6-4E6B-8F1A-BAB07AD9B090}.Debug|Any CPU.Build.0 = Debug|Any CPU
		{0F611DC9-40D6-4E6B-8F1A-BAB07AD9B090}.Release|Any CPU.ActiveCfg = Release|Any CPU
		{0F611DC9-40D6-4E6B-8F1A-BAB07AD9B090}.Release|Any CPU.Build.0 = Release|Any CPU
		{03B02989-056D-4D15-A10E-94140F0B938E}.Debug|Any CPU.ActiveCfg = Debug|Any CPU
		{03B02989-056D-4D15-A10E-94140F0B938E}.Debug|Any CPU.Build.0 = Debug|Any CPU
		{03B02989-056D-4D15-A10E-94140F0B938E}.Release|Any CPU.ActiveCfg = Release|Any CPU
		{03B02989-056D-4D15-A10E-94140F0B938E}.Release|Any CPU.Build.0 = Release|Any CPU
		{57378983-4FE1-4F90-86FD-ED3FC1BC6E21}.Debug|Any CPU.ActiveCfg = Debug|Any CPU
		{57378983-4FE1-4F90-86FD-ED3FC1BC6E21}.Debug|Any CPU.Build.0 = Debug|Any CPU
		{57378983-4FE1-4F90-86FD-ED3FC1BC6E21}.Release|Any CPU.ActiveCfg = Release|Any CPU
		{57378983-4FE1-4F90-86FD-ED3FC1BC6E21}.Release|Any CPU.Build.0 = Release|Any CPU
	EndGlobalSection
	GlobalSection(SolutionProperties) = preSolution
		HideSolutionNode = FALSE
	EndGlobalSection
	GlobalSection(ExtensibilityGlobals) = postSolution
		SolutionGuid = {5DA980D2-ED97-4281-B27A-F3111B216E81}
	EndGlobalSection
EndGlobal
